
Microsoft Visual Studio Solution File, Format Version 12.00
# Visual Studio Version 17
VisualStudioVersion = 17.13.35818.85
MinimumVisualStudioVersion = 10.0.40219.1
Project("{2150E333-8FDC-42A3-9474-1A3956D46DE8}") = "Services", "Services", "{02EA681E-C7D8-13C7-8484-4AC65E1B71E8}"
EndProject
Project("{2150E333-8FDC-42A3-9474-1A3956D46DE8}") = "Catalog", "Catalog", "{70DEAD43-3A5D-408D-8AE6-600D7D677AE0}"
EndProject
Project("{FAE04EC0-301F-11D3-BF4B-00C04F79EFBC}") = "CatalogApi", "Services\Catalog\CatalogApi\CatalogApi.csproj", "{B63362A8-9F66-4593-A849-4635E09B52E0}"
EndProject
Project("{2150E333-8FDC-42A3-9474-1A3956D46DE8}") = "BuildingBlocks", "BuildingBlocks", "{A203F0F0-3F57-4248-AA8B-B7475DEF4E1B}"
EndProject
Project("{FAE04EC0-301F-11D3-BF4B-00C04F79EFBC}") = "BuildingBlocks", "BuildingBlocks\BuildingBlocks\BuildingBlocks.csproj", "{23CD13FE-F2E5-496B-98A5-A3BC2681A48C}"
EndProject
Project("{E53339B2-1760-4266-BCC7-CA923CBCF16C}") = "docker-compose", "docker-compose.dcproj", "{81DDED9D-158B-E303-5F62-77A2896D2A5A}"
EndProject
Project("{2150E333-8FDC-42A3-9474-1A3956D46DE8}") = "Basket", "Basket", "{F1231A2C-095D-4250-A53F-3DE8342D94DA}"
EndProject
Project("{FAE04EC0-301F-11D3-BF4B-00C04F79EFBC}") = "Basket.API", "Services\Basket\Basket.API\Basket.API.csproj", "{1195060B-75A3-47F8-9950-8DD3EAC0F439}"
EndProject
Project("{2150E333-8FDC-42A3-9474-1A3956D46DE8}") = "Discount", "Discount", "{3A1FB1E0-166C-4F45-B079-35E313CD89BE}"
EndProject
Project("{FAE04EC0-301F-11D3-BF4B-00C04F79EFBC}") = "DiscountGrpc", "Services\DiscountGrpc\DiscountGrpc.csproj", "{C0E776E1-8992-4716-9064-3D944C1783ED}"
EndProject
Global
	GlobalSection(SolutionConfigurationPlatforms) = preSolution
		Debug|Any CPU = Debug|Any CPU
		Release|Any CPU = Release|Any CPU
	EndGlobalSection
	GlobalSection(ProjectConfigurationPlatforms) = postSolution
		{B63362A8-9F66-4593-A849-4635E09B52E0}.Debug|Any CPU.ActiveCfg = Debug|Any CPU
		{B63362A8-9F66-4593-A849-4635E09B52E0}.Debug|Any CPU.Build.0 = Debug|Any CPU
		{B63362A8-9F66-4593-A849-4635E09B52E0}.Release|Any CPU.ActiveCfg = Release|Any CPU
		{B63362A8-9F66-4593-A849-4635E09B52E0}.Release|Any CPU.Build.0 = Release|Any CPU
		{23CD13FE-F2E5-496B-98A5-A3BC2681A48C}.Debug|Any CPU.ActiveCfg = Debug|Any CPU
		{23CD13FE-F2E5-496B-98A5-A3BC2681A48C}.Debug|Any CPU.Build.0 = Debug|Any CPU
		{23CD13FE-F2E5-496B-98A5-A3BC2681A48C}.Release|Any CPU.ActiveCfg = Release|Any CPU
		{23CD13FE-F2E5-496B-98A5-A3BC2681A48C}.Release|Any CPU.Build.0 = Release|Any CPU
		{81DDED9D-158B-E303-5F62-77A2896D2A5A}.Debug|Any CPU.ActiveCfg = Debug|Any CPU
		{81DDED9D-158B-E303-5F62-77A2896D2A5A}.Debug|Any CPU.Build.0 = Debug|Any CPU
		{81DDED9D-158B-E303-5F62-77A2896D2A5A}.Release|Any CPU.ActiveCfg = Release|Any CPU
		{81DDED9D-158B-E303-5F62-77A2896D2A5A}.Release|Any CPU.Build.0 = Release|Any CPU
		{1195060B-75A3-47F8-9950-8DD3EAC0F439}.Debug|Any CPU.ActiveCfg = Debug|Any CPU
		{1195060B-75A3-47F8-9950-8DD3EAC0F439}.Debug|Any CPU.Build.0 = Debug|Any CPU
		{1195060B-75A3-47F8-9950-8DD3EAC0F439}.Release|Any CPU.ActiveCfg = Release|Any CPU
		{1195060B-75A3-47F8-9950-8DD3EAC0F439}.Release|Any CPU.Build.0 = Release|Any CPU
		{C0E776E1-8992-4716-9064-3D944C1783ED}.Debug|Any CPU.ActiveCfg = Debug|Any CPU
		{C0E776E1-8992-4716-9064-3D944C1783ED}.Debug|Any CPU.Build.0 = Debug|Any CPU
		{C0E776E1-8992-4716-9064-3D944C1783ED}.Release|Any CPU.ActiveCfg = Release|Any CPU
		{C0E776E1-8992-4716-9064-3D944C1783ED}.Release|Any CPU.Build.0 = Release|Any CPU
	EndGlobalSection
	GlobalSection(SolutionProperties) = preSolution
		HideSolutionNode = FALSE
	EndGlobalSection
	GlobalSection(NestedProjects) = preSolution
		{70DEAD43-3A5D-408D-8AE6-600D7D677AE0} = {02EA681E-C7D8-13C7-8484-4AC65E1B71E8}
		{B63362A8-9F66-4593-A849-4635E09B52E0} = {70DEAD43-3A5D-408D-8AE6-600D7D677AE0}
		{23CD13FE-F2E5-496B-98A5-A3BC2681A48C} = {A203F0F0-3F57-4248-AA8B-B7475DEF4E1B}
		{F1231A2C-095D-4250-A53F-3DE8342D94DA} = {02EA681E-C7D8-13C7-8484-4AC65E1B71E8}
		{1195060B-75A3-47F8-9950-8DD3EAC0F439} = {F1231A2C-095D-4250-A53F-3DE8342D94DA}
		{3A1FB1E0-166C-4F45-B079-35E313CD89BE} = {02EA681E-C7D8-13C7-8484-4AC65E1B71E8}
		{C0E776E1-8992-4716-9064-3D944C1783ED} = {3A1FB1E0-166C-4F45-B079-35E313CD89BE}
	EndGlobalSection
	GlobalSection(ExtensibilityGlobals) = postSolution
		SolutionGuid = {9C91C8B8-5ABD-4194-BB83-A119576F70FF}
	EndGlobalSection
EndGlobal
